// !$*UTF8*$!
{
	archiveVersion = 1;
	classes = {
	};
	objectVersion = 46;
	objects = {

/* Begin PBXBuildFile section */
		E5886FFF1D0876B900C6ECAA /* AppDelegate.swift in Sources */ = {isa = PBXBuildFile; fileRef = E5886FFE1D0876B900C6ECAA /* AppDelegate.swift */; };
		E58870011D0876B900C6ECAA /* ViewController.swift in Sources */ = {isa = PBXBuildFile; fileRef = E58870001D0876B900C6ECAA /* ViewController.swift */; };
		E58870041D0876B900C6ECAA /* Main.storyboard in Resources */ = {isa = PBXBuildFile; fileRef = E58870021D0876B900C6ECAA /* Main.storyboard */; };
		E58870061D0876B900C6ECAA /* Assets.xcassets in Resources */ = {isa = PBXBuildFile; fileRef = E58870051D0876B900C6ECAA /* Assets.xcassets */; };
		E58870091D0876B900C6ECAA /* LaunchScreen.storyboard in Resources */ = {isa = PBXBuildFile; fileRef = E58870071D0876B900C6ECAA /* LaunchScreen.storyboard */; };
		E58870141D0876BA00C6ECAA /* CalculatorTests.swift in Sources */ = {isa = PBXBuildFile; fileRef = E58870131D0876BA00C6ECAA /* CalculatorTests.swift */; };
		E588701F1D0876BA00C6ECAA /* CalculatorUITests.swift in Sources */ = {isa = PBXBuildFile; fileRef = E588701E1D0876BA00C6ECAA /* CalculatorUITests.swift */; };
/* End PBXBuildFile section */

/* Begin PBXContainerItemProxy section */
		E58870101D0876B900C6ECAA /* PBXContainerItemProxy */ = {
			isa = PBXContainerItemProxy;
			containerPortal = E5886FF31D0876B900C6ECAA /* Project object */;
			proxyType = 1;
			remoteGlobalIDString = E5886FFA1D0876B900C6ECAA;
			remoteInfo = Calculator;
		};
		E588701B1D0876BA00C6ECAA /* PBXContainerItemProxy */ = {
			isa = PBXContainerItemProxy;
			containerPortal = E5886FF31D0876B900C6ECAA /* Project object */;
			proxyType = 1;
			remoteGlobalIDString = E5886FFA1D0876B900C6ECAA;
			remoteInfo = Calculator;
		};
/* End PBXContainerItemProxy section */

/* Begin PBXFileReference section */
		E5886FFB1D0876B900C6ECAA /* Calculator.app */ = {isa = PBXFileReference; explicitFileType = wrapper.application; includeInIndex = 0; path = Calculator.app; sourceTree = BUILT_PRODUCTS_DIR; };
		E5886FFE1D0876B900C6ECAA /* AppDelegate.swift */ = {isa = PBXFileReference; lastKnownFileType = sourcecode.swift; path = AppDelegate.swift; sourceTree = "<group>"; };
		E58870001D0876B900C6ECAA /* ViewController.swift */ = {isa = PBXFileReference; lastKnownFileType = sourcecode.swift; path = ViewController.swift; sourceTree = "<group>"; };
		E58870031D0876B900C6ECAA /* Base */ = {isa = PBXFileReference; lastKnownFileType = file.storyboard; name = Base; path = Base.lproj/Main.storyboard; sourceTree = "<group>"; };
		E58870051D0876B900C6ECAA /* Assets.xcassets */ = {isa = PBXFileReference; lastKnownFileType = folder.assetcatalog; path = Assets.xcassets; sourceTree = "<group>"; };
		E58870081D0876B900C6ECAA /* Base */ = {isa = PBXFileReference; lastKnownFileType = file.storyboard; name = Base; path = Base.lproj/LaunchScreen.storyboard; sourceTree = "<group>"; };
		E588700A1D0876B900C6ECAA /* Info.plist */ = {isa = PBXFileReference; lastKnownFileType = text.plist.xml; path = Info.plist; sourceTree = "<group>"; };
		E588700F1D0876B900C6ECAA /* CalculatorTests.xctest */ = {isa = PBXFileReference; explicitFileType = wrapper.cfbundle; includeInIndex = 0; path = CalculatorTests.xctest; sourceTree = BUILT_PRODUCTS_DIR; };
		E58870131D0876BA00C6ECAA /* CalculatorTests.swift */ = {isa = PBXFileReference; lastKnownFileType = sourcecode.swift; path = CalculatorTests.swift; sourceTree = "<group>"; };
		E58870151D0876BA00C6ECAA /* Info.plist */ = {isa = PBXFileReference; lastKnownFileType = text.plist.xml; path = Info.plist; sourceTree = "<group>"; };
		E588701A1D0876BA00C6ECAA /* CalculatorUITests.xctest */ = {isa = PBXFileReference; explicitFileType = wrapper.cfbundle; includeInIndex = 0; path = CalculatorUITests.xctest; sourceTree = BUILT_PRODUCTS_DIR; };
		E588701E1D0876BA00C6ECAA /* CalculatorUITests.swift */ = {isa = PBXFileReference; lastKnownFileType = sourcecode.swift; path = CalculatorUITests.swift; sourceTree = "<group>"; };
		E58870201D0876BA00C6ECAA /* Info.plist */ = {isa = PBXFileReference; lastKnownFileType = text.plist.xml; path = Info.plist; sourceTree = "<group>"; };
/* End PBXFileReference section */

/* Begin PBXFrameworksBuildPhase section */
		E5886FF81D0876B900C6ECAA /* Frameworks */ = {
			isa = PBXFrameworksBuildPhase;
			buildActionMask = 2147483647;
			files = (
			);
			runOnlyForDeploymentPostprocessing = 0;
		};
		E588700C1D0876B900C6ECAA /* Frameworks */ = {
			isa = PBXFrameworksBuildPhase;
			buildActionMask = 2147483647;
			files = (
			);
			runOnlyForDeploymentPostprocessing = 0;
		};
		E58870171D0876BA00C6ECAA /* Frameworks */ = {
			isa = PBXFrameworksBuildPhase;
			buildActionMask = 2147483647;
			files = (
			);
			runOnlyForDeploymentPostprocessing = 0;
		};
/* End PBXFrameworksBuildPhase section */

/* Begin PBXGroup section */
		E5886FF21D0876B900C6ECAA = {
			isa = PBXGroup;
			children = (
				E5886FFD1D0876B900C6ECAA /* Calculator */,
				E58870121D0876BA00C6ECAA /* CalculatorTests */,
				E588701D1D0876BA00C6ECAA /* CalculatorUITests */,
				E5886FFC1D0876B900C6ECAA /* Products */,
			);
			sourceTree = "<group>";
		};
		E5886FFC1D0876B900C6ECAA /* Products */ = {
			isa = PBXGroup;
			children = (
				E5886FFB1D0876B900C6ECAA /* Calculator.app */,
				E588700F1D0876B900C6ECAA /* CalculatorTests.xctest */,
				E588701A1D0876BA00C6ECAA /* CalculatorUITests.xctest */,
			);
			name = Products;
			sourceTree = "<group>";
		};
		E5886FFD1D0876B900C6ECAA /* Calculator */ = {
			isa = PBXGroup;
			children = (
				E5886FFE1D0876B900C6ECAA /* AppDelegate.swift */,
				E58870001D0876B900C6ECAA /* ViewController.swift */,
				E58870021D0876B900C6ECAA /* Main.storyboard */,
				E58870051D0876B900C6ECAA /* Assets.xcassets */,
				E58870071D0876B900C6ECAA /* LaunchScreen.storyboard */,
				E588700A1D0876B900C6ECAA /* Info.plist */,
			);
			path = Calculator;
			sourceTree = "<group>";
		};
		E58870121D0876BA00C6ECAA /* CalculatorTests */ = {
			isa = PBXGroup;
			children = (
				E58870131D0876BA00C6ECAA /* CalculatorTests.swift */,
				E58870151D0876BA00C6ECAA /* Info.plist */,
			);
			path = CalculatorTests;
			sourceTree = "<group>";
		};
		E588701D1D0876BA00C6ECAA /* CalculatorUITests */ = {
			isa = PBXGroup;
			children = (
				E588701E1D0876BA00C6ECAA /* CalculatorUITests.swift */,
				E58870201D0876BA00C6ECAA /* Info.plist */,
			);
			path = CalculatorUITests;
			sourceTree = "<group>";
		};
/* End PBXGroup section */

/* Begin PBXNativeTarget section */
		E5886FFA1D0876B900C6ECAA /* Calculator */ = {
			isa = PBXNativeTarget;
			buildConfigurationList = E58870231D0876BA00C6ECAA /* Build configuration list for PBXNativeTarget "Calculator" */;
			buildPhases = (
				E5886FF71D0876B900C6ECAA /* Sources */,
				E5886FF81D0876B900C6ECAA /* Frameworks */,
				E5886FF91D0876B900C6ECAA /* Resources */,
			);
			buildRules = (
			);
			dependencies = (
			);
			name = Calculator;
			productName = Calculator;
			productReference = E5886FFB1D0876B900C6ECAA /* Calculator.app */;
			productType = "com.apple.product-type.application";
		};
		E588700E1D0876B900C6ECAA /* CalculatorTests */ = {
			isa = PBXNativeTarget;
			buildConfigurationList = E58870261D0876BA00C6ECAA /* Build configuration list for PBXNativeTarget "CalculatorTests" */;
			buildPhases = (
				E588700B1D0876B900C6ECAA /* Sources */,
				E588700C1D0876B900C6ECAA /* Frameworks */,
				E588700D1D0876B900C6ECAA /* Resources */,
			);
			buildRules = (
			);
			dependencies = (
				E58870111D0876B900C6ECAA /* PBXTargetDependency */,
			);
			name = CalculatorTests;
			productName = CalculatorTests;
			productReference = E588700F1D0876B900C6ECAA /* CalculatorTests.xctest */;
			productType = "com.apple.product-type.bundle.unit-test";
		};
		E58870191D0876BA00C6ECAA /* CalculatorUITests */ = {
			isa = PBXNativeTarget;
			buildConfigurationList = E58870291D0876BA00C6ECAA /* Build configuration list for PBXNativeTarget "CalculatorUITests" */;
			buildPhases = (
				E58870161D0876BA00C6ECAA /* Sources */,
				E58870171D0876BA00C6ECAA /* Frameworks */,
				E58870181D0876BA00C6ECAA /* Resources */,
			);
			buildRules = (
			);
			dependencies = (
				E588701C1D0876BA00C6ECAA /* PBXTargetDependency */,
			);
			name = CalculatorUITests;
			productName = CalculatorUITests;
			productReference = E588701A1D0876BA00C6ECAA /* CalculatorUITests.xctest */;
			productType = "com.apple.product-type.bundle.ui-testing";
		};
/* End PBXNativeTarget section */

/* Begin PBXProject section */
		E5886FF31D0876B900C6ECAA /* Project object */ = {
			isa = PBXProject;
			attributes = {
				LastSwiftUpdateCheck = 0730;
				LastUpgradeCheck = 0730;
				ORGANIZATIONNAME = Shimon;
				TargetAttributes = {
					E5886FFA1D0876B900C6ECAA = {
						CreatedOnToolsVersion = 7.3.1;
					};
					E588700E1D0876B900C6ECAA = {
						CreatedOnToolsVersion = 7.3.1;
						TestTargetID = E5886FFA1D0876B900C6ECAA;
					};
					E58870191D0876BA00C6ECAA = {
						CreatedOnToolsVersion = 7.3.1;
						TestTargetID = E5886FFA1D0876B900C6ECAA;
					};
				};
			};
			buildConfigurationList = E5886FF61D0876B900C6ECAA /* Build configuration list for PBXProject "Calculator" */;
			compatibilityVersion = "Xcode 3.2";
			developmentRegion = English;
			hasScannedForEncodings = 0;
			knownRegions = (
				en,
				Base,
			);
			mainGroup = E5886FF21D0876B900C6ECAA;
			productRefGroup = E5886FFC1D0876B900C6ECAA /* Products */;
			projectDirPath = "";
			projectRoot = "";
			targets = (
				E5886FFA1D0876B900C6ECAA /* Calculator */,
				E588700E1D0876B900C6ECAA /* CalculatorTests */,
				E58870191D0876BA00C6ECAA /* CalculatorUITests */,
			);
		};
/* End PBXProject section */

/* Begin PBXResourcesBuildPhase section */
		E5886FF91D0876B900C6ECAA /* Resources */ = {
			isa = PBXResourcesBuildPhase;
			buildActionMask = 2147483647;
			files = (
				E58870091D0876B900C6ECAA /* LaunchScreen.storyboard in Resources */,
				E58870061D0876B900C6ECAA /* Assets.xcassets in Resources */,
				E58870041D0876B900C6ECAA /* Main.storyboard in Resources */,
			);
			runOnlyForDeploymentPostprocessing = 0;
		};
		E588700D1D0876B900C6ECAA /* Resources */ = {
			isa = PBXResourcesBuildPhase;
			buildActionMask = 2147483647;
			files = (
			);
			runOnlyForDeploymentPostprocessing = 0;
		};
		E58870181D0876BA00C6ECAA /* Resources */ = {
			isa = PBXResourcesBuildPhase;
			buildActionMask = 2147483647;
			files = (
			);
			runOnlyForDeploymentPostprocessing = 0;
		};
/* End PBXResourcesBuildPhase section */

/* Begin PBXSourcesBuildPhase section */
		E5886FF71D0876B900C6ECAA /* Sources */ = {
			isa = PBXSourcesBuildPhase;
			buildActionMask = 2147483647;
			files = (
				E58870011D0876B900C6ECAA /* ViewController.swift in Sources */,
				E5886FFF1D0876B900C6ECAA /* AppDelegate.swift in Sources */,
			);
			runOnlyForDeploymentPostprocessing = 0;
		};
		E588700B1D0876B900C6ECAA /* Sources */ = {
			isa = PBXSourcesBuildPhase;
			buildActionMask = 2147483647;
			files = (
				E58870141D0876BA00C6ECAA /* CalculatorTests.swift in Sources */,
			);
			runOnlyForDeploymentPostprocessing = 0;
		};
		E58870161D0876BA00C6ECAA /* Sources */ = {
			isa = PBXSourcesBuildPhase;
			buildActionMask = 2147483647;
			files = (
				E588701F1D0876BA00C6ECAA /* CalculatorUITests.swift in Sources */,
			);
			runOnlyForDeploymentPostprocessing = 0;
		};
/* End PBXSourcesBuildPhase section */

/* Begin PBXTargetDependency section */
		E58870111D0876B900C6ECAA /* PBXTargetDependency */ = {
			isa = PBXTargetDependency;
			target = E5886FFA1D0876B900C6ECAA /* Calculator */;
			targetProxy = E58870101D0876B900C6ECAA /* PBXContainerItemProxy */;
		};
		E588701C1D0876BA00C6ECAA /* PBXTargetDependency */ = {
			isa = PBXTargetDependency;
			target = E5886FFA1D0876B900C6ECAA /* Calculator */;
			targetProxy = E588701B1D0876BA00C6ECAA /* PBXContainerItemProxy */;
		};
/* End PBXTargetDependency section */

/* Begin PBXVariantGroup section */
		E58870021D0876B900C6ECAA /* Main.storyboard */ = {
			isa = PBXVariantGroup;
			children = (
				E58870031D0876B900C6ECAA /* Base */,
			);
			name = Main.storyboard;
			sourceTree = "<group>";
		};
		E58870071D0876B900C6ECAA /* LaunchScreen.storyboard */ = {
			isa = PBXVariantGroup;
			children = (
				E58870081D0876B900C6ECAA /* Base */,
			);
			name = LaunchScreen.storyboard;
			sourceTree = "<group>";
		};
/* End PBXVariantGroup section */

/* Begin XCBuildConfiguration section */
		E58870211D0876BA00C6ECAA /* Debug */ = {
			isa = XCBuildConfiguration;
			buildSettings = {
				ALWAYS_SEARCH_USER_PATHS = NO;
				CLANG_ANALYZER_NONNULL = YES;
				CLANG_CXX_LANGUAGE_STANDARD = "gnu++0x";
				CLANG_CXX_LIBRARY = "libc++";
				CLANG_ENABLE_MODULES = YES;
				CLANG_ENABLE_OBJC_ARC = YES;
				CLANG_WARN_BOOL_CONVERSION = YES;
				CLANG_WARN_CONSTANT_CONVERSION = YES;
				CLANG_WARN_DIRECT_OBJC_ISA_USAGE = YES_ERROR;
				CLANG_WARN_EMPTY_BODY = YES;
				CLANG_WARN_ENUM_CONVERSION = YES;
				CLANG_WARN_INT_CONVERSION = YES;
				CLANG_WARN_OBJC_ROOT_CLASS = YES_ERROR;
				CLANG_WARN_UNREACHABLE_CODE = YES;
				CLANG_WARN__DUPLICATE_METHOD_MATCH = YES;
				"CODE_SIGN_IDENTITY[sdk=iphoneos*]" = "iPhone Developer";
				COPY_PHASE_STRIP = NO;
				DEBUG_INFORMATION_FORMAT = dwarf;
				ENABLE_STRICT_OBJC_MSGSEND = YES;
				ENABLE_TESTABILITY = YES;
				GCC_C_LANGUAGE_STANDARD = gnu99;
				GCC_DYNAMIC_NO_PIC = NO;
				GCC_NO_COMMON_BLOCKS = YES;
				GCC_OPTIMIZATION_LEVEL = 0;
				GCC_PREPROCESSOR_DEFINITIONS = (
					"DEBUG=1",
					"$(inherited)",
				);
				GCC_WARN_64_TO_32_BIT_CONVERSION = YES;
				GCC_WARN_ABOUT_RETURN_TYPE = YES_ERROR;
				GCC_WARN_UNDECLARED_SELECTOR = YES;
				GCC_WARN_UNINITIALIZED_AUTOS = YES_AGGRESSIVE;
				GCC_WARN_UNUSED_FUNCTION = YES;
				GCC_WARN_UNUSED_VARIABLE = YES;
				IPHONEOS_DEPLOYMENT_TARGET = 9.3;
				MTL_ENABLE_DEBUG_INFO = YES;
				ONLY_ACTIVE_ARCH = YES;
				SDKROOT = iphoneos;
				SWIFT_OPTIMIZATION_LEVEL = "-Onone";
			};
			name = Debug;
		};
		E58870221D0876BA00C6ECAA /* Release */ = {
			isa = XCBuildConfiguration;
			buildSettings = {
				ALWAYS_SEARCH_USER_PATHS = NO;
				CLANG_ANALYZER_NONNULL = YES;
				CLANG_CXX_LANGUAGE_STANDARD = "gnu++0x";
				CLANG_CXX_LIBRARY = "libc++";
				CLANG_ENABLE_MODULES = YES;
				CLANG_ENABLE_OBJC_ARC = YES;
				CLANG_WARN_BOOL_CONVERSION = YES;
				CLANG_WARN_CONSTANT_CONVERSION = YES;
				CLANG_WARN_DIRECT_OBJC_ISA_USAGE = YES_ERROR;
				CLANG_WARN_EMPTY_BODY = YES;
				CLANG_WARN_ENUM_CONVERSION = YES;
				CLANG_WARN_INT_CONVERSION = YES;
				CLANG_WARN_OBJC_ROOT_CLASS = YES_ERROR;
				CLANG_WARN_UNREACHABLE_CODE = YES;
				CLANG_WARN__DUPLICATE_METHOD_MATCH = YES;
				"CODE_SIGN_IDENTITY[sdk=iphoneos*]" = "iPhone Developer";
				COPY_PHASE_STRIP = NO;
				DEBUG_INFORMATION_FORMAT = "dwarf-with-dsym";
				ENABLE_NS_ASSERTIONS = NO;
				ENABLE_STRICT_OBJC_MSGSEND = YES;
				GCC_C_LANGUAGE_STANDARD = gnu99;
				GCC_NO_COMMON_BLOCKS = YES;
				GCC_WARN_64_TO_32_BIT_CONVERSION = YES;
				GCC_WARN_ABOUT_RETURN_TYPE = YES_ERROR;
				GCC_WARN_UNDECLARED_SELECTOR = YES;
				GCC_WARN_UNINITIALIZED_AUTOS = YES_AGGRESSIVE;
				GCC_WARN_UNUSED_FUNCTION = YES;
				GCC_WARN_UNUSED_VARIABLE = YES;
				IPHONEOS_DEPLOYMENT_TARGET = 9.3;
				MTL_ENABLE_DEBUG_INFO = NO;
				SDKROOT = iphoneos;
				VALIDATE_PRODUCT = YES;
			};
			name = Release;
		};
		E58870241D0876BA00C6ECAA /* Debug */ = {
			isa = XCBuildConfiguration;
			buildSettings = {
				ASSETCATALOG_COMPILER_APPICON_NAME = AppIcon;
				INFOPLIST_FILE = Calculator/Info.plist;
				LD_RUNPATH_SEARCH_PATHS = "$(inherited) @executable_path/Frameworks";
				PRODUCT_BUNDLE_IDENTIFIER = Shimon.Calculator;
				PRODUCT_NAME = "$(TARGET_NAME)";
			};
			name = Debug;
		};
		E58870251D0876BA00C6ECAA /* Release */ = {
			isa = XCBuildConfiguration;
			buildSettings = {
				ASSETCATALOG_COMPILER_APPICON_NAME = AppIcon;
				INFOPLIST_FILE = Calculator/Info.plist;
				LD_RUNPATH_SEARCH_PATHS = "$(inherited) @executable_path/Frameworks";
				PRODUCT_BUNDLE_IDENTIFIER = Shimon.Calculator;
				PRODUCT_NAME = "$(TARGET_NAME)";
			};
			name = Release;
		};
		E58870271D0876BA00C6ECAA /* Debug */ = {
			isa = XCBuildConfiguration;
			buildSettings = {
				BUNDLE_LOADER = "$(TEST_HOST)";
				INFOPLIST_FILE = CalculatorTests/Info.plist;
				LD_RUNPATH_SEARCH_PATHS = "$(inherited) @executable_path/Frameworks @loader_path/Frameworks";
				PRODUCT_BUNDLE_IDENTIFIER = Shimon.CalculatorTests;
				PRODUCT_NAME = "$(TARGET_NAME)";
				TEST_HOST = "$(BUILT_PRODUCTS_DIR)/Calculator.app/Calculator";
			};
			name = Debug;
		};
		E58870281D0876BA00C6ECAA /* Release */ = {
			isa = XCBuildConfiguration;
			buildSettings = {
				BUNDLE_LOADER = "$(TEST_HOST)";
				INFOPLIST_FILE = CalculatorTests/Info.plist;
				LD_RUNPATH_SEARCH_PATHS = "$(inherited) @executable_path/Frameworks @loader_path/Frameworks";
				PRODUCT_BUNDLE_IDENTIFIER = Shimon.CalculatorTests;
				PRODUCT_NAME = "$(TARGET_NAME)";
				TEST_HOST = "$(BUILT_PRODUCTS_DIR)/Calculator.app/Calculator";
			};
			name = Release;
		};
		E588702A1D0876BA00C6ECAA /* Debug */ = {
			isa = XCBuildConfiguration;
			buildSettings = {
				INFOPLIST_FILE = CalculatorUITests/Info.plist;
				LD_RUNPATH_SEARCH_PATHS = "$(inherited) @executable_path/Frameworks @loader_path/Frameworks";
				PRODUCT_BUNDLE_IDENTIFIER = Shimon.CalculatorUITests;
				PRODUCT_NAME = "$(TARGET_NAME)";
				TEST_TARGET_NAME = Calculator;
			};
			name = Debug;
		};
		E588702B1D0876BA00C6ECAA /* Release */ = {
			isa = XCBuildConfiguration;
			buildSettings = {
				INFOPLIST_FILE = CalculatorUITests/Info.plist;
				LD_RUNPATH_SEARCH_PATHS = "$(inherited) @executable_path/Frameworks @loader_path/Frameworks";
				PRODUCT_BUNDLE_IDENTIFIER = Shimon.CalculatorUITests;
				PRODUCT_NAME = "$(TARGET_NAME)";
				TEST_TARGET_NAME = Calculator;
			};
			name = Release;
		};
/* End XCBuildConfiguration section */

/* Begin XCConfigurationList section */
		E5886FF61D0876B900C6ECAA /* Build configuration list for PBXProject "Calculator" */ = {
			isa = XCConfigurationList;
			buildConfigurations = (
				E58870211D0876BA00C6ECAA /* Debug */,
				E58870221D0876BA00C6ECAA /* Release */,
			);
			defaultConfigurationIsVisible = 0;
			defaultConfigurationName = Release;
		};
		E58870231D0876BA00C6ECAA /* Build configuration list for PBXNativeTarget "Calculator" */ = {
			isa = XCConfigurationList;
			buildConfigurations = (
				E58870241D0876BA00C6ECAA /* Debug */,
				E58870251D0876BA00C6ECAA /* Release */,
			);
			defaultConfigurationIsVisible = 0;
		};
		E58870261D0876BA00C6ECAA /* Build configuration list for PBXNativeTarget "CalculatorTests" */ = {
			isa = XCConfigurationList;
			buildConfigurations = (
				E58870271D0876BA00C6ECAA /* Debug */,
				E58870281D0876BA00C6ECAA /* Release */,
			);
			defaultConfigurationIsVisible = 0;
		};
		E58870291D0876BA00C6ECAA /* Build configuration list for PBXNativeTarget "CalculatorUITests" */ = {
			isa = XCConfigurationList;
			buildConfigurations = (
				E588702A1D0876BA00C6ECAA /* Debug */,
				E588702B1D0876BA00C6ECAA /* Release */,
			);
			defaultConfigurationIsVisible = 0;
		};
/* End XCConfigurationList section */
	};
	rootObject = E5886FF31D0876B900C6ECAA /* Project object */;
}
